
Microsoft Visual Studio Solution File, Format Version 12.00
# Visual Studio Version 16
VisualStudioVersion = 16.0.32002.261
MinimumVisualStudioVersion = 10.0.40219.1
Project("{FAE04EC0-301F-11D3-BF4B-00C04F79EFBC}") = "WebApplicationExam", "WebApplicationExam\WebApplicationExam.csproj", "{B0DD7BFA-8621-4DA0-A01E-D6D7BC5BFE8D}"
EndProject
Global
	GlobalSection(SolutionConfigurationPlatforms) = preSolution
		Debug|Any CPU = Debug|Any CPU
		Release|Any CPU = Release|Any CPU
	EndGlobalSection
	GlobalSection(ProjectConfigurationPlatforms) = postSolution
		{B0DD7BFA-8621-4DA0-A01E-D6D7BC5BFE8D}.Debug|Any CPU.ActiveCfg = Debug|Any CPU
		{B0DD7BFA-8621-4DA0-A01E-D6D7BC5BFE8D}.Debug|Any CPU.Build.0 = Debug|Any CPU
		{B0DD7BFA-8621-4DA0-A01E-D6D7BC5BFE8D}.Release|Any CPU.ActiveCfg = Release|Any CPU
		{B0DD7BFA-8621-4DA0-A01E-D6D7BC5BFE8D}.Release|Any CPU.Build.0 = Release|Any CPU
	EndGlobalSection
	GlobalSection(SolutionProperties) = preSolution
		HideSolutionNode = FALSE
	EndGlobalSection
	GlobalSection(ExtensibilityGlobals) = postSolution
		SolutionGuid = {C76CC4CF-477A-4066-A8FF-93ACEDC3AFF5}
	EndGlobalSection
EndGlobal
